{
  "name": "test",
  "version": "1.0.0",
  "lockfileVersion": 2,
  "requires": true,
  "packages": {
    "": {
      "name": "test",
      "version": "1.0.0",
      "license": "ISC",
      "dependencies": {
        "@krutoo/fetch-tools": "file:.."
      }
    },
    "..": {
      "version": "0.0.0",
      "license": "Apache-2.0",
      "devDependencies": {
        "ts-node": "^10.9.1",
        "typescript": "^5.0.2"
      }
    },
    "node_modules/@krutoo/fetch-tools": {
      "resolved": "..",
      "link": true
    }
  },
  "dependencies": {
    "@krutoo/fetch-tools": {
      "version": "file:..",
      "requires": {
        "ts-node": "^10.9.1",
        "typescript": "^5.0.2"
      }
    }
  }
}
